
Microsoft Visual Studio Solution File, Format Version 12.00
# Visual Studio 15
VisualStudioVersion = 15.0.26228.4
MinimumVisualStudioVersion = 10.0.40219.1
Project("{2150E333-8FDC-42A3-9474-1A3956D46DE8}") = "GS.DataSource", "GS.DataSource", "{1D1EE135-88BB-42D0-B842-EE10D024F890}"
EndProject
Project("{2150E333-8FDC-42A3-9474-1A3956D46DE8}") = "GS.Model", "GS.Model", "{670E8A94-AB88-4F27-8818-021A24B07B67}"
EndProject
Project("{2150E333-8FDC-42A3-9474-1A3956D46DE8}") = "GS.Common", "GS.Common", "{03521B53-6624-45F4-8B73-067ED9C57EB9}"
EndProject
Project("{2150E333-8FDC-42A3-9474-1A3956D46DE8}") = "GS.App", "GS.App", "{127D81F0-1263-42AC-B3F0-950E88447E35}"
EndProject
Project("{2150E333-8FDC-42A3-9474-1A3956D46DE8}") = "GS.Services", "GS.Services", "{B24F0C1F-6926-4CF1-BAD9-55D592ED723E}"
EndProject
Project("{FAE04EC0-301F-11D3-BF4B-00C04F79EFBC}") = "GS.SQLModel", "GS.SQLModel\GS.SQLModel.csproj", "{2F8791B0-56C1-42F3-9365-F8162F845E36}"
EndProject
Project("{FAE04EC0-301F-11D3-BF4B-00C04F79EFBC}") = "GS.SQL.DataSource", "GS.SQL.DataSource\GS.SQL.DataSource.csproj", "{9C37BEB5-8DF6-488E-AD3E-FA0E9B3D0929}"
EndProject
Project("{FAE04EC0-301F-11D3-BF4B-00C04F79EFBC}") = "GS.Common.Util", "GS.Common.Util\GS.Common.Util.csproj", "{FBFACAF4-CA28-4010-BBCF-3FE3219FA62F}"
EndProject
Project("{FAE04EC0-301F-11D3-BF4B-00C04F79EFBC}") = "GS.Services", "GS.Services\GS.Services.csproj", "{9A977B95-CAF1-4523-89C8-A0DAB38D3312}"
EndProject
Project("{FAE04EC0-301F-11D3-BF4B-00C04F79EFBC}") = "GS.View.Model", "GS.View.Model\GS.View.Model.csproj", "{07B755EE-4741-4548-9CB5-3811B1FDD1A1}"
EndProject
Project("{FAE04EC0-301F-11D3-BF4B-00C04F79EFBC}") = "GS.DB.Debug", "GS.DB.Debug\GS.DB.Debug.csproj", "{B469A8F2-B924-4725-8F47-22049A86B482}"
EndProject
Project("{FAE04EC0-301F-11D3-BF4B-00C04F79EFBC}") = "GS.App.Identity", "GS.App.Identity\GS.App.Identity.csproj", "{5DF0B4B8-49AB-4414-B149-28F6535332E4}"
EndProject
Project("{FAE04EC0-301F-11D3-BF4B-00C04F79EFBC}") = "GS.Common.Http", "GS.Common.Http\GS.Common.Http.csproj", "{CE6FCFC0-83AC-450B-9909-D81116C840CB}"
EndProject
Project("{FAE04EC0-301F-11D3-BF4B-00C04F79EFBC}") = "GS.Common.Web", "GS.Common.Web\GS.Common.Web.csproj", "{F891B9E7-3CBA-4C9F-B6B8-53DC66CE0C32}"
EndProject
Project("{2150E333-8FDC-42A3-9474-1A3956D46DE8}") = "GS.Cache", "GS.Cache", "{B8E57759-62C0-4E52-A393-21A54C8535A8}"
EndProject
Project("{FAE04EC0-301F-11D3-BF4B-00C04F79EFBC}") = "GS.Cache.Redis", "GS.Cache.Redis\GS.Cache.Redis.csproj", "{FF1FD5B8-69B2-4C53-8C79-72C7C1E21CB4}"
EndProject
Project("{FAE04EC0-301F-11D3-BF4B-00C04F79EFBC}") = "GS.Cache.Identity", "GS.Cache.Identity\GS.Cache.Identity.csproj", "{E981F643-CDEA-43DB-87B3-0D14446CACB3}"
EndProject
Project("{FAE04EC0-301F-11D3-BF4B-00C04F79EFBC}") = "GS.Api", "GS.Api\GS.Api.csproj", "{91A170A5-FC6B-4C5E-9725-1ED20A6096F4}"
EndProject
Project("{FAE04EC0-301F-11D3-BF4B-00C04F79EFBC}") = "GS.Api.Tool", "GS.Api.Tool\GS.Api.Tool.csproj", "{5D31BBB2-CAFA-41AA-8A9A-2A827A3D4FB8}"
EndProject
Project("{FAE04EC0-301F-11D3-BF4B-00C04F79EFBC}") = "GS.Cache.Memory", "GS.Cache.Memory\GS.Cache.Memory.csproj", "{61D91420-A2CD-452A-87CC-76F9502AC19E}"
EndProject
Project("{FAE04EC0-301F-11D3-BF4B-00C04F79EFBC}") = "GS.Cache.Interface", "GS.Cache.Interface\GS.Cache.Interface.csproj", "{5D547561-390D-4536-AEE1-BCE1B263B716}"
EndProject
Project("{FAE04EC0-301F-11D3-BF4B-00C04F79EFBC}") = "GS.Cache.Factory", "GS.Cache.Factory\GS.Cache.Factory.csproj", "{6B19720C-4909-4EFC-9F0F-FE3B92C2BAAE}"
EndProject
Project("{FAE04EC0-301F-11D3-BF4B-00C04F79EFBC}") = "GS.App.Form", "GS.App.Form\GS.App.Form.csproj", "{6B91FF35-4B3E-42A7-949F-EE5CE0BBA708}"
EndProject
Project("{2150E333-8FDC-42A3-9474-1A3956D46DE8}") = "Domin", "Domin", "{8396403D-FF41-4583-9E23-0E8D80169A58}"
EndProject
Project("{FAE04EC0-301F-11D3-BF4B-00C04F79EFBC}") = "GS.Api.Model", "GS.Api.Model\GS.Api.Model.csproj", "{98FE92D1-BF65-459F-A4FF-21E0F3E85360}"
EndProject
Project("{FAE04EC0-301F-11D3-BF4B-00C04F79EFBC}") = "GS.Common.Injection.Core", "GS.Common.Injection.Core\GS.Common.Injection.Core.csproj", "{0455ED65-5B89-43D9-81AF-969783824E62}"
EndProject
Project("{FAE04EC0-301F-11D3-BF4B-00C04F79EFBC}") = "GS.App.Web", "GS.App.Web\GS.App.Web.csproj", "{BC2413AC-B240-4671-B4F9-908AC78EA4AF}"
EndProject
Project("{FAE04EC0-301F-11D3-BF4B-00C04F79EFBC}") = "WebApplication1", "WebApplication1\WebApplication1.csproj", "{4CF9BC38-39F0-4C50-8A4A-2A1D69994400}"
EndProject
Project("{2150E333-8FDC-42A3-9474-1A3956D46DE8}") = "GS.Message", "GS.Message", "{F0F710E8-F4A3-44F8-967E-6C2BDF19D567}"
EndProject
Project("{FAE04EC0-301F-11D3-BF4B-00C04F79EFBC}") = "MessageHub", "MessageHub\MessageHub.csproj", "{1A38F90D-79F2-42DC-AC1A-3AC839B40BF7}"
EndProject
Project("{2150E333-8FDC-42A3-9474-1A3956D46DE8}") = "Infrastructure", "Infrastructure", "{AA618E8C-5D95-4FCC-8AEE-870BD095849C}"
EndProject
Project("{FAE04EC0-301F-11D3-BF4B-00C04F79EFBC}") = "MessageCilentProxy", "MessageCilentProxy\MessageCilentProxy.csproj", "{3A6BF2BD-AB0A-4562-89B8-4D467CC70DF2}"
EndProject
Global
	GlobalSection(SolutionConfigurationPlatforms) = preSolution
		Debug|Any CPU = Debug|Any CPU
		Release|Any CPU = Release|Any CPU
	EndGlobalSection
	GlobalSection(ProjectConfigurationPlatforms) = postSolution
		{2F8791B0-56C1-42F3-9365-F8162F845E36}.Debug|Any CPU.ActiveCfg = Debug|Any CPU
		{2F8791B0-56C1-42F3-9365-F8162F845E36}.Debug|Any CPU.Build.0 = Debug|Any CPU
		{2F8791B0-56C1-42F3-9365-F8162F845E36}.Release|Any CPU.ActiveCfg = Release|Any CPU
		{2F8791B0-56C1-42F3-9365-F8162F845E36}.Release|Any CPU.Build.0 = Release|Any CPU
		{9C37BEB5-8DF6-488E-AD3E-FA0E9B3D0929}.Debug|Any CPU.ActiveCfg = Debug|Any CPU
		{9C37BEB5-8DF6-488E-AD3E-FA0E9B3D0929}.Debug|Any CPU.Build.0 = Debug|Any CPU
		{9C37BEB5-8DF6-488E-AD3E-FA0E9B3D0929}.Release|Any CPU.ActiveCfg = Release|Any CPU
		{9C37BEB5-8DF6-488E-AD3E-FA0E9B3D0929}.Release|Any CPU.Build.0 = Release|Any CPU
		{FBFACAF4-CA28-4010-BBCF-3FE3219FA62F}.Debug|Any CPU.ActiveCfg = Debug|Any CPU
		{FBFACAF4-CA28-4010-BBCF-3FE3219FA62F}.Debug|Any CPU.Build.0 = Debug|Any CPU
		{FBFACAF4-CA28-4010-BBCF-3FE3219FA62F}.Release|Any CPU.ActiveCfg = Release|Any CPU
		{FBFACAF4-CA28-4010-BBCF-3FE3219FA62F}.Release|Any CPU.Build.0 = Release|Any CPU
		{9A977B95-CAF1-4523-89C8-A0DAB38D3312}.Debug|Any CPU.ActiveCfg = Debug|Any CPU
		{9A977B95-CAF1-4523-89C8-A0DAB38D3312}.Debug|Any CPU.Build.0 = Debug|Any CPU
		{9A977B95-CAF1-4523-89C8-A0DAB38D3312}.Release|Any CPU.ActiveCfg = Release|Any CPU
		{9A977B95-CAF1-4523-89C8-A0DAB38D3312}.Release|Any CPU.Build.0 = Release|Any CPU
		{07B755EE-4741-4548-9CB5-3811B1FDD1A1}.Debug|Any CPU.ActiveCfg = Debug|Any CPU
		{07B755EE-4741-4548-9CB5-3811B1FDD1A1}.Debug|Any CPU.Build.0 = Debug|Any CPU
		{07B755EE-4741-4548-9CB5-3811B1FDD1A1}.Release|Any CPU.ActiveCfg = Release|Any CPU
		{07B755EE-4741-4548-9CB5-3811B1FDD1A1}.Release|Any CPU.Build.0 = Release|Any CPU
		{B469A8F2-B924-4725-8F47-22049A86B482}.Debug|Any CPU.ActiveCfg = Debug|Any CPU
		{B469A8F2-B924-4725-8F47-22049A86B482}.Debug|Any CPU.Build.0 = Debug|Any CPU
		{B469A8F2-B924-4725-8F47-22049A86B482}.Release|Any CPU.ActiveCfg = Release|Any CPU
		{B469A8F2-B924-4725-8F47-22049A86B482}.Release|Any CPU.Build.0 = Release|Any CPU
		{5DF0B4B8-49AB-4414-B149-28F6535332E4}.Debug|Any CPU.ActiveCfg = Debug|Any CPU
		{5DF0B4B8-49AB-4414-B149-28F6535332E4}.Debug|Any CPU.Build.0 = Debug|Any CPU
		{5DF0B4B8-49AB-4414-B149-28F6535332E4}.Release|Any CPU.ActiveCfg = Release|Any CPU
		{5DF0B4B8-49AB-4414-B149-28F6535332E4}.Release|Any CPU.Build.0 = Release|Any CPU
		{CE6FCFC0-83AC-450B-9909-D81116C840CB}.Debug|Any CPU.ActiveCfg = Debug|Any CPU
		{CE6FCFC0-83AC-450B-9909-D81116C840CB}.Debug|Any CPU.Build.0 = Debug|Any CPU
		{CE6FCFC0-83AC-450B-9909-D81116C840CB}.Release|Any CPU.ActiveCfg = Release|Any CPU
		{CE6FCFC0-83AC-450B-9909-D81116C840CB}.Release|Any CPU.Build.0 = Release|Any CPU
		{F891B9E7-3CBA-4C9F-B6B8-53DC66CE0C32}.Debug|Any CPU.ActiveCfg = Debug|Any CPU
		{F891B9E7-3CBA-4C9F-B6B8-53DC66CE0C32}.Debug|Any CPU.Build.0 = Debug|Any CPU
		{F891B9E7-3CBA-4C9F-B6B8-53DC66CE0C32}.Release|Any CPU.ActiveCfg = Release|Any CPU
		{F891B9E7-3CBA-4C9F-B6B8-53DC66CE0C32}.Release|Any CPU.Build.0 = Release|Any CPU
		{FF1FD5B8-69B2-4C53-8C79-72C7C1E21CB4}.Debug|Any CPU.ActiveCfg = Debug|Any CPU
		{FF1FD5B8-69B2-4C53-8C79-72C7C1E21CB4}.Debug|Any CPU.Build.0 = Debug|Any CPU
		{FF1FD5B8-69B2-4C53-8C79-72C7C1E21CB4}.Release|Any CPU.ActiveCfg = Release|Any CPU
		{FF1FD5B8-69B2-4C53-8C79-72C7C1E21CB4}.Release|Any CPU.Build.0 = Release|Any CPU
		{E981F643-CDEA-43DB-87B3-0D14446CACB3}.Debug|Any CPU.ActiveCfg = Debug|Any CPU
		{E981F643-CDEA-43DB-87B3-0D14446CACB3}.Debug|Any CPU.Build.0 = Debug|Any CPU
		{E981F643-CDEA-43DB-87B3-0D14446CACB3}.Release|Any CPU.ActiveCfg = Release|Any CPU
		{E981F643-CDEA-43DB-87B3-0D14446CACB3}.Release|Any CPU.Build.0 = Release|Any CPU
		{91A170A5-FC6B-4C5E-9725-1ED20A6096F4}.Debug|Any CPU.ActiveCfg = Debug|Any CPU
		{91A170A5-FC6B-4C5E-9725-1ED20A6096F4}.Debug|Any CPU.Build.0 = Debug|Any CPU
		{91A170A5-FC6B-4C5E-9725-1ED20A6096F4}.Release|Any CPU.ActiveCfg = Release|Any CPU
		{91A170A5-FC6B-4C5E-9725-1ED20A6096F4}.Release|Any CPU.Build.0 = Release|Any CPU
		{5D31BBB2-CAFA-41AA-8A9A-2A827A3D4FB8}.Debug|Any CPU.ActiveCfg = Debug|Any CPU
		{5D31BBB2-CAFA-41AA-8A9A-2A827A3D4FB8}.Debug|Any CPU.Build.0 = Debug|Any CPU
		{5D31BBB2-CAFA-41AA-8A9A-2A827A3D4FB8}.Release|Any CPU.ActiveCfg = Release|Any CPU
		{5D31BBB2-CAFA-41AA-8A9A-2A827A3D4FB8}.Release|Any CPU.Build.0 = Release|Any CPU
		{61D91420-A2CD-452A-87CC-76F9502AC19E}.Debug|Any CPU.ActiveCfg = Debug|Any CPU
		{61D91420-A2CD-452A-87CC-76F9502AC19E}.Debug|Any CPU.Build.0 = Debug|Any CPU
		{61D91420-A2CD-452A-87CC-76F9502AC19E}.Release|Any CPU.ActiveCfg = Release|Any CPU
		{61D91420-A2CD-452A-87CC-76F9502AC19E}.Release|Any CPU.Build.0 = Release|Any CPU
		{5D547561-390D-4536-AEE1-BCE1B263B716}.Debug|Any CPU.ActiveCfg = Debug|Any CPU
		{5D547561-390D-4536-AEE1-BCE1B263B716}.Debug|Any CPU.Build.0 = Debug|Any CPU
		{5D547561-390D-4536-AEE1-BCE1B263B716}.Release|Any CPU.ActiveCfg = Release|Any CPU
		{5D547561-390D-4536-AEE1-BCE1B263B716}.Release|Any CPU.Build.0 = Release|Any CPU
		{6B19720C-4909-4EFC-9F0F-FE3B92C2BAAE}.Debug|Any CPU.ActiveCfg = Debug|Any CPU
		{6B19720C-4909-4EFC-9F0F-FE3B92C2BAAE}.Debug|Any CPU.Build.0 = Debug|Any CPU
		{6B19720C-4909-4EFC-9F0F-FE3B92C2BAAE}.Release|Any CPU.ActiveCfg = Release|Any CPU
		{6B19720C-4909-4EFC-9F0F-FE3B92C2BAAE}.Release|Any CPU.Build.0 = Release|Any CPU
		{6B91FF35-4B3E-42A7-949F-EE5CE0BBA708}.Debug|Any CPU.ActiveCfg = Debug|Any CPU
		{6B91FF35-4B3E-42A7-949F-EE5CE0BBA708}.Debug|Any CPU.Build.0 = Debug|Any CPU
		{6B91FF35-4B3E-42A7-949F-EE5CE0BBA708}.Release|Any CPU.ActiveCfg = Release|Any CPU
		{6B91FF35-4B3E-42A7-949F-EE5CE0BBA708}.Release|Any CPU.Build.0 = Release|Any CPU
		{98FE92D1-BF65-459F-A4FF-21E0F3E85360}.Debug|Any CPU.ActiveCfg = Debug|Any CPU
		{98FE92D1-BF65-459F-A4FF-21E0F3E85360}.Debug|Any CPU.Build.0 = Debug|Any CPU
		{98FE92D1-BF65-459F-A4FF-21E0F3E85360}.Release|Any CPU.ActiveCfg = Release|Any CPU
		{98FE92D1-BF65-459F-A4FF-21E0F3E85360}.Release|Any CPU.Build.0 = Release|Any CPU
		{0455ED65-5B89-43D9-81AF-969783824E62}.Debug|Any CPU.ActiveCfg = Debug|Any CPU
		{0455ED65-5B89-43D9-81AF-969783824E62}.Debug|Any CPU.Build.0 = Debug|Any CPU
		{0455ED65-5B89-43D9-81AF-969783824E62}.Release|Any CPU.ActiveCfg = Release|Any CPU
		{0455ED65-5B89-43D9-81AF-969783824E62}.Release|Any CPU.Build.0 = Release|Any CPU
		{BC2413AC-B240-4671-B4F9-908AC78EA4AF}.Debug|Any CPU.ActiveCfg = Debug|Any CPU
		{BC2413AC-B240-4671-B4F9-908AC78EA4AF}.Debug|Any CPU.Build.0 = Debug|Any CPU
		{BC2413AC-B240-4671-B4F9-908AC78EA4AF}.Release|Any CPU.ActiveCfg = Release|Any CPU
		{BC2413AC-B240-4671-B4F9-908AC78EA4AF}.Release|Any CPU.Build.0 = Release|Any CPU
		{4CF9BC38-39F0-4C50-8A4A-2A1D69994400}.Debug|Any CPU.ActiveCfg = Debug|Any CPU
		{4CF9BC38-39F0-4C50-8A4A-2A1D69994400}.Debug|Any CPU.Build.0 = Debug|Any CPU
		{4CF9BC38-39F0-4C50-8A4A-2A1D69994400}.Release|Any CPU.ActiveCfg = Release|Any CPU
		{4CF9BC38-39F0-4C50-8A4A-2A1D69994400}.Release|Any CPU.Build.0 = Release|Any CPU
		{1A38F90D-79F2-42DC-AC1A-3AC839B40BF7}.Debug|Any CPU.ActiveCfg = Debug|Any CPU
		{1A38F90D-79F2-42DC-AC1A-3AC839B40BF7}.Debug|Any CPU.Build.0 = Debug|Any CPU
		{1A38F90D-79F2-42DC-AC1A-3AC839B40BF7}.Release|Any CPU.ActiveCfg = Release|Any CPU
		{1A38F90D-79F2-42DC-AC1A-3AC839B40BF7}.Release|Any CPU.Build.0 = Release|Any CPU
		{3A6BF2BD-AB0A-4562-89B8-4D467CC70DF2}.Debug|Any CPU.ActiveCfg = Debug|Any CPU
		{3A6BF2BD-AB0A-4562-89B8-4D467CC70DF2}.Debug|Any CPU.Build.0 = Debug|Any CPU
		{3A6BF2BD-AB0A-4562-89B8-4D467CC70DF2}.Release|Any CPU.ActiveCfg = Release|Any CPU
		{3A6BF2BD-AB0A-4562-89B8-4D467CC70DF2}.Release|Any CPU.Build.0 = Release|Any CPU
	EndGlobalSection
	GlobalSection(SolutionProperties) = preSolution
		HideSolutionNode = FALSE
	EndGlobalSection
	GlobalSection(NestedProjects) = preSolution
		{2F8791B0-56C1-42F3-9365-F8162F845E36} = {8396403D-FF41-4583-9E23-0E8D80169A58}
		{9C37BEB5-8DF6-488E-AD3E-FA0E9B3D0929} = {1D1EE135-88BB-42D0-B842-EE10D024F890}
		{FBFACAF4-CA28-4010-BBCF-3FE3219FA62F} = {03521B53-6624-45F4-8B73-067ED9C57EB9}
		{9A977B95-CAF1-4523-89C8-A0DAB38D3312} = {B24F0C1F-6926-4CF1-BAD9-55D592ED723E}
		{07B755EE-4741-4548-9CB5-3811B1FDD1A1} = {8396403D-FF41-4583-9E23-0E8D80169A58}
		{5DF0B4B8-49AB-4414-B149-28F6535332E4} = {127D81F0-1263-42AC-B3F0-950E88447E35}
		{CE6FCFC0-83AC-450B-9909-D81116C840CB} = {AA618E8C-5D95-4FCC-8AEE-870BD095849C}
		{F891B9E7-3CBA-4C9F-B6B8-53DC66CE0C32} = {AA618E8C-5D95-4FCC-8AEE-870BD095849C}
		{FF1FD5B8-69B2-4C53-8C79-72C7C1E21CB4} = {B8E57759-62C0-4E52-A393-21A54C8535A8}
		{E981F643-CDEA-43DB-87B3-0D14446CACB3} = {B8E57759-62C0-4E52-A393-21A54C8535A8}
		{91A170A5-FC6B-4C5E-9725-1ED20A6096F4} = {127D81F0-1263-42AC-B3F0-950E88447E35}
		{5D31BBB2-CAFA-41AA-8A9A-2A827A3D4FB8} = {127D81F0-1263-42AC-B3F0-950E88447E35}
		{61D91420-A2CD-452A-87CC-76F9502AC19E} = {B8E57759-62C0-4E52-A393-21A54C8535A8}
		{5D547561-390D-4536-AEE1-BCE1B263B716} = {B8E57759-62C0-4E52-A393-21A54C8535A8}
		{6B19720C-4909-4EFC-9F0F-FE3B92C2BAAE} = {B8E57759-62C0-4E52-A393-21A54C8535A8}
		{6B91FF35-4B3E-42A7-949F-EE5CE0BBA708} = {127D81F0-1263-42AC-B3F0-950E88447E35}
		{8396403D-FF41-4583-9E23-0E8D80169A58} = {670E8A94-AB88-4F27-8818-021A24B07B67}
		{98FE92D1-BF65-459F-A4FF-21E0F3E85360} = {8396403D-FF41-4583-9E23-0E8D80169A58}
		{0455ED65-5B89-43D9-81AF-969783824E62} = {AA618E8C-5D95-4FCC-8AEE-870BD095849C}
		{BC2413AC-B240-4671-B4F9-908AC78EA4AF} = {127D81F0-1263-42AC-B3F0-950E88447E35}
		{4CF9BC38-39F0-4C50-8A4A-2A1D69994400} = {127D81F0-1263-42AC-B3F0-950E88447E35}
		{1A38F90D-79F2-42DC-AC1A-3AC839B40BF7} = {F0F710E8-F4A3-44F8-967E-6C2BDF19D567}
		{AA618E8C-5D95-4FCC-8AEE-870BD095849C} = {03521B53-6624-45F4-8B73-067ED9C57EB9}
		{3A6BF2BD-AB0A-4562-89B8-4D467CC70DF2} = {F0F710E8-F4A3-44F8-967E-6C2BDF19D567}
	EndGlobalSection
	GlobalSection(ExtensibilityGlobals) = postSolution
		EnterpriseLibraryConfigurationToolBinariesPathV6 = packages\EnterpriseLibrary.Common.6.0.1304.0\lib\NET45;packages\EnterpriseLibrary.Data.6.0.1304.0\lib\NET45
	EndGlobalSection
EndGlobal
